
Microsoft Visual Studio Solution File, Format Version 12.00
# Visual Studio 15
VisualStudioVersion = 15.0.28307.572
MinimumVisualStudioVersion = 10.0.40219.1
Project("{9A19103F-16F7-4668-BE54-9A1E7A4F7556}") = "MaestroCuentas.Test", "MaestroCuentas.Test\MaestroCuentas.Test.csproj", "{100F60CE-C105-449C-8DEA-BD9AF061700D}"
EndProject
Project("{FAE04EC0-301F-11D3-BF4B-00C04F79EFBC}") = "MaestroCuentas.Data", "MaestroCuentas.Data\MaestroCuentas.Data.csproj", "{6028AA69-9CED-4F55-8B8C-8FC9B75106B3}"
EndProject
Global
	GlobalSection(SolutionConfigurationPlatforms) = preSolution
		Debug|Any CPU = Debug|Any CPU
		Release|Any CPU = Release|Any CPU
	EndGlobalSection
	GlobalSection(ProjectConfigurationPlatforms) = postSolution
		{100F60CE-C105-449C-8DEA-BD9AF061700D}.Debug|Any CPU.ActiveCfg = Debug|Any CPU
		{100F60CE-C105-449C-8DEA-BD9AF061700D}.Debug|Any CPU.Build.0 = Debug|Any CPU
		{100F60CE-C105-449C-8DEA-BD9AF061700D}.Release|Any CPU.ActiveCfg = Release|Any CPU
		{100F60CE-C105-449C-8DEA-BD9AF061700D}.Release|Any CPU.Build.0 = Release|Any CPU
		{6028AA69-9CED-4F55-8B8C-8FC9B75106B3}.Debug|Any CPU.ActiveCfg = Debug|Any CPU
		{6028AA69-9CED-4F55-8B8C-8FC9B75106B3}.Debug|Any CPU.Build.0 = Debug|Any CPU
		{6028AA69-9CED-4F55-8B8C-8FC9B75106B3}.Release|Any CPU.ActiveCfg = Release|Any CPU
		{6028AA69-9CED-4F55-8B8C-8FC9B75106B3}.Release|Any CPU.Build.0 = Release|Any CPU
	EndGlobalSection
	GlobalSection(SolutionProperties) = preSolution
		HideSolutionNode = FALSE
	EndGlobalSection
	GlobalSection(ExtensibilityGlobals) = postSolution
		SolutionGuid = {A8D8DFCA-2D62-4B5C-83B7-6DC6C477422C}
	EndGlobalSection
EndGlobal
